
Microsoft Visual Studio Solution File, Format Version 12.00
# Visual Studio 15
VisualStudioVersion = 15.0.27130.2027
MinimumVisualStudioVersion = 10.0.40219.1
Project("{FAE04EC0-301F-11D3-BF4B-00C04F79EFBC}") = "MH_SI_Budzik", "MH_SI_Budzik\MH_SI_Budzik.csproj", "{A31A87D7-8616-40B0-806B-CAC309753467}"
EndProject
Project("{2150E333-8FDC-42A3-9474-1A3956D46DE8}") = "Solution Items", "Solution Items", "{1E12448E-531E-42D6-97B1-13B929289095}"
	ProjectSection(SolutionItems) = preProject
		D:\MH_SI_Budzik.MH_SI_Budzik.apk = D:\MH_SI_Budzik.MH_SI_Budzik.apk
	EndProjectSection
EndProject
Global
	GlobalSection(SolutionConfigurationPlatforms) = preSolution
		Debug|Any CPU = Debug|Any CPU
		Release|Any CPU = Release|Any CPU
	EndGlobalSection
	GlobalSection(ProjectConfigurationPlatforms) = postSolution
		{A31A87D7-8616-40B0-806B-CAC309753467}.Debug|Any CPU.ActiveCfg = Debug|Any CPU
		{A31A87D7-8616-40B0-806B-CAC309753467}.Debug|Any CPU.Build.0 = Debug|Any CPU
		{A31A87D7-8616-40B0-806B-CAC309753467}.Debug|Any CPU.Deploy.0 = Debug|Any CPU
		{A31A87D7-8616-40B0-806B-CAC309753467}.Release|Any CPU.ActiveCfg = Release|Any CPU
		{A31A87D7-8616-40B0-806B-CAC309753467}.Release|Any CPU.Build.0 = Release|Any CPU
		{A31A87D7-8616-40B0-806B-CAC309753467}.Release|Any CPU.Deploy.0 = Release|Any CPU
	EndGlobalSection
	GlobalSection(SolutionProperties) = preSolution
		HideSolutionNode = FALSE
	EndGlobalSection
	GlobalSection(ExtensibilityGlobals) = postSolution
		SolutionGuid = {C24692EF-8255-4AB5-A3B9-1551CE18B1DC}
	EndGlobalSection
EndGlobal
